
Microsoft Visual Studio Solution File, Format Version 12.00
# Visual Studio Version 17
VisualStudioVersion = 17.0.31903.59
MinimumVisualStudioVersion = 10.0.40219.1
Project("{FAE04EC0-301F-11D3-BF4B-00C04F79EFBC}") = "PFMA.Data", "PFMA.Data\PFMA.Data.csproj", "{F8D43C5C-7C88-46B2-8FAE-BF0A9105F238}"
EndProject
Project("{FAE04EC0-301F-11D3-BF4B-00C04F79EFBC}") = "PFMA.UI", "PFMA.UI\PFMA.UI.csproj", "{07BFDFCD-8D74-4AF1-ACE8-1D36DE1DBD45}"
EndProject
Project("{FAE04EC0-301F-11D3-BF4B-00C04F79EFBC}") = "PFMA.Common", "PFMA.Common\PFMA.Common.csproj", "{D7361E95-25B5-4BD8-A635-480C702CD166}"
EndProject
Global
	GlobalSection(SolutionConfigurationPlatforms) = preSolution
		Debug|Any CPU = Debug|Any CPU
		Release|Any CPU = Release|Any CPU
	EndGlobalSection
	GlobalSection(SolutionProperties) = preSolution
		HideSolutionNode = FALSE
	EndGlobalSection
	GlobalSection(ProjectConfigurationPlatforms) = postSolution
		{F8D43C5C-7C88-46B2-8FAE-BF0A9105F238}.Debug|Any CPU.ActiveCfg = Debug|Any CPU
		{F8D43C5C-7C88-46B2-8FAE-BF0A9105F238}.Debug|Any CPU.Build.0 = Debug|Any CPU
		{F8D43C5C-7C88-46B2-8FAE-BF0A9105F238}.Release|Any CPU.ActiveCfg = Release|Any CPU
		{F8D43C5C-7C88-46B2-8FAE-BF0A9105F238}.Release|Any CPU.Build.0 = Release|Any CPU
		{07BFDFCD-8D74-4AF1-ACE8-1D36DE1DBD45}.Debug|Any CPU.ActiveCfg = Debug|Any CPU
		{07BFDFCD-8D74-4AF1-ACE8-1D36DE1DBD45}.Debug|Any CPU.Build.0 = Debug|Any CPU
		{07BFDFCD-8D74-4AF1-ACE8-1D36DE1DBD45}.Release|Any CPU.ActiveCfg = Release|Any CPU
		{07BFDFCD-8D74-4AF1-ACE8-1D36DE1DBD45}.Release|Any CPU.Build.0 = Release|Any CPU
		{D7361E95-25B5-4BD8-A635-480C702CD166}.Debug|Any CPU.ActiveCfg = Debug|Any CPU
		{D7361E95-25B5-4BD8-A635-480C702CD166}.Debug|Any CPU.Build.0 = Debug|Any CPU
		{D7361E95-25B5-4BD8-A635-480C702CD166}.Release|Any CPU.ActiveCfg = Release|Any CPU
		{D7361E95-25B5-4BD8-A635-480C702CD166}.Release|Any CPU.Build.0 = Release|Any CPU
	EndGlobalSection
EndGlobal
